
Microsoft Visual Studio Solution File, Format Version 12.00
# Visual Studio 2015
Project("{FAE04EC0-301F-11D3-BF4B-00C04F79EFBC}") = "Loreal", "Loreal.csproj", "{FA3A3C78-BF23-0D50-1C43-FFEB142BA745}"
EndProject
Project("{FAE04EC0-301F-11D3-BF4B-00C04F79EFBC}") = "Loreal.Editor", "Loreal.Editor.csproj", "{B662CC5A-5D46-71D3-082B-7006B4438286}"
EndProject
Global
	GlobalSection(SolutionConfigurationPlatforms) = preSolution
		Debug|Any CPU = Debug|Any CPU
		Release|Any CPU = Release|Any CPU
	EndGlobalSection
	GlobalSection(ProjectConfigurationPlatforms) = postSolution
		{FA3A3C78-BF23-0D50-1C43-FFEB142BA745}.Debug|Any CPU.ActiveCfg = Debug|Any CPU
		{FA3A3C78-BF23-0D50-1C43-FFEB142BA745}.Debug|Any CPU.Build.0 = Debug|Any CPU
		{FA3A3C78-BF23-0D50-1C43-FFEB142BA745}.Release|Any CPU.ActiveCfg = Release|Any CPU
		{FA3A3C78-BF23-0D50-1C43-FFEB142BA745}.Release|Any CPU.Build.0 = Release|Any CPU
		{B662CC5A-5D46-71D3-082B-7006B4438286}.Debug|Any CPU.ActiveCfg = Debug|Any CPU
		{B662CC5A-5D46-71D3-082B-7006B4438286}.Debug|Any CPU.Build.0 = Debug|Any CPU
		{B662CC5A-5D46-71D3-082B-7006B4438286}.Release|Any CPU.ActiveCfg = Release|Any CPU
		{B662CC5A-5D46-71D3-082B-7006B4438286}.Release|Any CPU.Build.0 = Release|Any CPU
	EndGlobalSection
	GlobalSection(SolutionProperties) = preSolution
		HideSolutionNode = FALSE
	EndGlobalSection
EndGlobal
